
Microsoft Visual Studio Solution File, Format Version 12.00
# Visual Studio 14
VisualStudioVersion = 14.0.25420.1
MinimumVisualStudioVersion = 10.0.40219.1
Project("{FAE04EC0-301F-11D3-BF4B-00C04F79EFBC}") = "imBMW.Devices.V2", "imBMW.Devices.V2.csproj", "{D12C2EC9-1FC7-4E16-A072-EA344F1BABE6}"
EndProject
Project("{FAE04EC0-301F-11D3-BF4B-00C04F79EFBC}") = "imBMW", "..\..\imBMW\imBMW.csproj", "{1809C7F6-0A9F-412B-A45E-E667996E86A3}"
EndProject
Project("{FAE04EC0-301F-11D3-BF4B-00C04F79EFBC}") = "imBMW.Features", "..\..\imBMW.Features\imBMW.Features.csproj", "{1CCF2AD5-0D37-435D-9DA5-27143B169DD0}"
EndProject
Project("{FAE04EC0-301F-11D3-BF4B-00C04F79EFBC}") = "imBMW.Tools", "..\..\imBMW.Tools\imBMW.Tools.csproj", "{76B622B3-B9D7-41DF-8A7C-627F32AABEB3}"
EndProject
Project("{FAE04EC0-301F-11D3-BF4B-00C04F79EFBC}") = "imBMW.Diagnostics", "..\..\imBMW.Diagnostics\imBMW.Diagnostics.csproj", "{CDF5C231-E043-40CF-960B-10AC26355B96}"
EndProject
Project("{FAE04EC0-301F-11D3-BF4B-00C04F79EFBC}") = "SongsNameConverter", "..\..\SongsNameConverter\SongsNameConverter.csproj", "{6915C25D-4D09-423B-8980-823324E5CE51}"
EndProject
Project("{FAE04EC0-301F-11D3-BF4B-00C04F79EFBC}") = "imBMW.DBus.Tester", "..\..\imBMW.DBus.Tester\imBMW.DBus.Tester.csproj", "{681223EB-EABF-49E6-B4C3-81A0A7EB669C}"
EndProject
Project("{FAE04EC0-301F-11D3-BF4B-00C04F79EFBC}") = "imBMW.UnitTests", "..\..\imBMW.UnitTests\imBMW.UnitTests.csproj", "{BB332A0F-1E8D-4837-9D90-EECBC068688F}"
EndProject
Project("{FAE04EC0-301F-11D3-BF4B-00C04F79EFBC}") = "OnBoardMonitorEmulator", "..\..\OnBoardMonitorEmulator\OnBoardMonitorEmulator.csproj", "{36BDE5D2-D0B8-4F6D-8E6B-D4B5B72F23AF}"
EndProject
Project("{FAE04EC0-301F-11D3-BF4B-00C04F79EFBC}") = "OnBoardMonitorEmulatorTests", "..\..\OnBoardMonitorEmulatorTests\OnBoardMonitorEmulatorTests.csproj", "{BA9CA8A1-38F5-488F-A695-CB132E957FAD}"
EndProject
Project("{FAE04EC0-301F-11D3-BF4B-00C04F79EFBC}") = "AuxilaryHeaterEmulator", "..\..\AuxilaryHeaterEmulator\AuxilaryHeaterEmulator.csproj", "{97976018-DA84-4523-ADFE-675A0E3CEEAB}"
EndProject
Global
	GlobalSection(SolutionConfigurationPlatforms) = preSolution
		Debug|Any CPU = Debug|Any CPU
		DebugOnRealDeviceOverFTDI|Any CPU = DebugOnRealDeviceOverFTDI|Any CPU
		Release|Any CPU = Release|Any CPU
	EndGlobalSection
	GlobalSection(ProjectConfigurationPlatforms) = postSolution
		{D12C2EC9-1FC7-4E16-A072-EA344F1BABE6}.Debug|Any CPU.ActiveCfg = Debug|Any CPU
		{D12C2EC9-1FC7-4E16-A072-EA344F1BABE6}.Debug|Any CPU.Build.0 = Debug|Any CPU
		{D12C2EC9-1FC7-4E16-A072-EA344F1BABE6}.Debug|Any CPU.Deploy.0 = Debug|Any CPU
		{D12C2EC9-1FC7-4E16-A072-EA344F1BABE6}.DebugOnRealDeviceOverFTDI|Any CPU.ActiveCfg = DebugOnRealDeviceOverFTDI|Any CPU
		{D12C2EC9-1FC7-4E16-A072-EA344F1BABE6}.DebugOnRealDeviceOverFTDI|Any CPU.Build.0 = DebugOnRealDeviceOverFTDI|Any CPU
		{D12C2EC9-1FC7-4E16-A072-EA344F1BABE6}.DebugOnRealDeviceOverFTDI|Any CPU.Deploy.0 = DebugOnRealDeviceOverFTDI|Any CPU
		{D12C2EC9-1FC7-4E16-A072-EA344F1BABE6}.Release|Any CPU.ActiveCfg = Release|Any CPU
		{D12C2EC9-1FC7-4E16-A072-EA344F1BABE6}.Release|Any CPU.Build.0 = Release|Any CPU
		{D12C2EC9-1FC7-4E16-A072-EA344F1BABE6}.Release|Any CPU.Deploy.0 = Release|Any CPU
		{1809C7F6-0A9F-412B-A45E-E667996E86A3}.Debug|Any CPU.ActiveCfg = Debug|Any CPU
		{1809C7F6-0A9F-412B-A45E-E667996E86A3}.Debug|Any CPU.Build.0 = Debug|Any CPU
		{1809C7F6-0A9F-412B-A45E-E667996E86A3}.Debug|Any CPU.Deploy.0 = Debug|Any CPU
		{1809C7F6-0A9F-412B-A45E-E667996E86A3}.DebugOnRealDeviceOverFTDI|Any CPU.ActiveCfg = DebugOnRealDeviceOverFTDI|Any CPU
		{1809C7F6-0A9F-412B-A45E-E667996E86A3}.DebugOnRealDeviceOverFTDI|Any CPU.Build.0 = DebugOnRealDeviceOverFTDI|Any CPU
		{1809C7F6-0A9F-412B-A45E-E667996E86A3}.Release|Any CPU.ActiveCfg = Release|Any CPU
		{1809C7F6-0A9F-412B-A45E-E667996E86A3}.Release|Any CPU.Build.0 = Release|Any CPU
		{1CCF2AD5-0D37-435D-9DA5-27143B169DD0}.Debug|Any CPU.ActiveCfg = Debug|Any CPU
		{1CCF2AD5-0D37-435D-9DA5-27143B169DD0}.Debug|Any CPU.Build.0 = Debug|Any CPU
		{1CCF2AD5-0D37-435D-9DA5-27143B169DD0}.Debug|Any CPU.Deploy.0 = Debug|Any CPU
		{1CCF2AD5-0D37-435D-9DA5-27143B169DD0}.DebugOnRealDeviceOverFTDI|Any CPU.ActiveCfg = DebugOnRealDeviceOverFTDI|Any CPU
		{1CCF2AD5-0D37-435D-9DA5-27143B169DD0}.DebugOnRealDeviceOverFTDI|Any CPU.Build.0 = DebugOnRealDeviceOverFTDI|Any CPU
		{1CCF2AD5-0D37-435D-9DA5-27143B169DD0}.Release|Any CPU.ActiveCfg = Release|Any CPU
		{1CCF2AD5-0D37-435D-9DA5-27143B169DD0}.Release|Any CPU.Build.0 = Release|Any CPU
		{76B622B3-B9D7-41DF-8A7C-627F32AABEB3}.Debug|Any CPU.ActiveCfg = Debug|Any CPU
		{76B622B3-B9D7-41DF-8A7C-627F32AABEB3}.Debug|Any CPU.Build.0 = Debug|Any CPU
		{76B622B3-B9D7-41DF-8A7C-627F32AABEB3}.Debug|Any CPU.Deploy.0 = Debug|Any CPU
		{76B622B3-B9D7-41DF-8A7C-627F32AABEB3}.DebugOnRealDeviceOverFTDI|Any CPU.ActiveCfg = DebugOnRealDeviceOverFTDI|Any CPU
		{76B622B3-B9D7-41DF-8A7C-627F32AABEB3}.DebugOnRealDeviceOverFTDI|Any CPU.Build.0 = DebugOnRealDeviceOverFTDI|Any CPU
		{76B622B3-B9D7-41DF-8A7C-627F32AABEB3}.Release|Any CPU.ActiveCfg = Release|Any CPU
		{76B622B3-B9D7-41DF-8A7C-627F32AABEB3}.Release|Any CPU.Build.0 = Release|Any CPU
		{CDF5C231-E043-40CF-960B-10AC26355B96}.Debug|Any CPU.ActiveCfg = Debug|Any CPU
		{CDF5C231-E043-40CF-960B-10AC26355B96}.Debug|Any CPU.Build.0 = Debug|Any CPU
		{CDF5C231-E043-40CF-960B-10AC26355B96}.DebugOnRealDeviceOverFTDI|Any CPU.ActiveCfg = DebugOnRealDeviceOverFTDI|Any CPU
		{CDF5C231-E043-40CF-960B-10AC26355B96}.DebugOnRealDeviceOverFTDI|Any CPU.Build.0 = DebugOnRealDeviceOverFTDI|Any CPU
		{CDF5C231-E043-40CF-960B-10AC26355B96}.Release|Any CPU.ActiveCfg = Release|Any CPU
		{CDF5C231-E043-40CF-960B-10AC26355B96}.Release|Any CPU.Build.0 = Release|Any CPU
		{6915C25D-4D09-423B-8980-823324E5CE51}.Debug|Any CPU.ActiveCfg = Debug|Any CPU
		{6915C25D-4D09-423B-8980-823324E5CE51}.Debug|Any CPU.Build.0 = Debug|Any CPU
		{6915C25D-4D09-423B-8980-823324E5CE51}.DebugOnRealDeviceOverFTDI|Any CPU.ActiveCfg = DebugOnRealDeviceOverFTDI|Any CPU
		{6915C25D-4D09-423B-8980-823324E5CE51}.DebugOnRealDeviceOverFTDI|Any CPU.Build.0 = DebugOnRealDeviceOverFTDI|Any CPU
		{6915C25D-4D09-423B-8980-823324E5CE51}.Release|Any CPU.ActiveCfg = Release|Any CPU
		{6915C25D-4D09-423B-8980-823324E5CE51}.Release|Any CPU.Build.0 = Release|Any CPU
		{681223EB-EABF-49E6-B4C3-81A0A7EB669C}.Debug|Any CPU.ActiveCfg = Debug|Any CPU
		{681223EB-EABF-49E6-B4C3-81A0A7EB669C}.Debug|Any CPU.Build.0 = Debug|Any CPU
		{681223EB-EABF-49E6-B4C3-81A0A7EB669C}.DebugOnRealDeviceOverFTDI|Any CPU.ActiveCfg = DebugOnRealDeviceOverFTDI|Any CPU
		{681223EB-EABF-49E6-B4C3-81A0A7EB669C}.DebugOnRealDeviceOverFTDI|Any CPU.Build.0 = DebugOnRealDeviceOverFTDI|Any CPU
		{681223EB-EABF-49E6-B4C3-81A0A7EB669C}.Release|Any CPU.ActiveCfg = Release|Any CPU
		{681223EB-EABF-49E6-B4C3-81A0A7EB669C}.Release|Any CPU.Build.0 = Release|Any CPU
		{BB332A0F-1E8D-4837-9D90-EECBC068688F}.Debug|Any CPU.ActiveCfg = Debug|Any CPU
		{BB332A0F-1E8D-4837-9D90-EECBC068688F}.Debug|Any CPU.Build.0 = Debug|Any CPU
		{BB332A0F-1E8D-4837-9D90-EECBC068688F}.DebugOnRealDeviceOverFTDI|Any CPU.ActiveCfg = DebugOnRealDeviceOverFTDI|Any CPU
		{BB332A0F-1E8D-4837-9D90-EECBC068688F}.DebugOnRealDeviceOverFTDI|Any CPU.Build.0 = DebugOnRealDeviceOverFTDI|Any CPU
		{BB332A0F-1E8D-4837-9D90-EECBC068688F}.Release|Any CPU.ActiveCfg = Release|Any CPU
		{BB332A0F-1E8D-4837-9D90-EECBC068688F}.Release|Any CPU.Build.0 = Release|Any CPU
		{36BDE5D2-D0B8-4F6D-8E6B-D4B5B72F23AF}.Debug|Any CPU.ActiveCfg = Debug|x64
		{36BDE5D2-D0B8-4F6D-8E6B-D4B5B72F23AF}.DebugOnRealDeviceOverFTDI|Any CPU.ActiveCfg = DebugOnRealDeviceOverFTDI|Any CPU
		{36BDE5D2-D0B8-4F6D-8E6B-D4B5B72F23AF}.DebugOnRealDeviceOverFTDI|Any CPU.Build.0 = DebugOnRealDeviceOverFTDI|Any CPU
		{36BDE5D2-D0B8-4F6D-8E6B-D4B5B72F23AF}.Release|Any CPU.ActiveCfg = Release|Any CPU
		{36BDE5D2-D0B8-4F6D-8E6B-D4B5B72F23AF}.Release|Any CPU.Build.0 = Release|Any CPU
		{BA9CA8A1-38F5-488F-A695-CB132E957FAD}.Debug|Any CPU.ActiveCfg = Debug|x64
		{BA9CA8A1-38F5-488F-A695-CB132E957FAD}.Debug|Any CPU.Build.0 = Debug|x64
		{BA9CA8A1-38F5-488F-A695-CB132E957FAD}.DebugOnRealDeviceOverFTDI|Any CPU.ActiveCfg = Debug|Any CPU
		{BA9CA8A1-38F5-488F-A695-CB132E957FAD}.DebugOnRealDeviceOverFTDI|Any CPU.Build.0 = Debug|Any CPU
		{BA9CA8A1-38F5-488F-A695-CB132E957FAD}.Release|Any CPU.ActiveCfg = Release|Any CPU
		{BA9CA8A1-38F5-488F-A695-CB132E957FAD}.Release|Any CPU.Build.0 = Release|Any CPU
		{97976018-DA84-4523-ADFE-675A0E3CEEAB}.Debug|Any CPU.ActiveCfg = Debug|Any CPU
		{97976018-DA84-4523-ADFE-675A0E3CEEAB}.Debug|Any CPU.Build.0 = Debug|Any CPU
		{97976018-DA84-4523-ADFE-675A0E3CEEAB}.DebugOnRealDeviceOverFTDI|Any CPU.ActiveCfg = Debug|Any CPU
		{97976018-DA84-4523-ADFE-675A0E3CEEAB}.DebugOnRealDeviceOverFTDI|Any CPU.Build.0 = Debug|Any CPU
		{97976018-DA84-4523-ADFE-675A0E3CEEAB}.DebugOnRealDeviceOverFTDI|Any CPU.Deploy.0 = Debug|Any CPU
		{97976018-DA84-4523-ADFE-675A0E3CEEAB}.Release|Any CPU.ActiveCfg = Release|Any CPU
		{97976018-DA84-4523-ADFE-675A0E3CEEAB}.Release|Any CPU.Build.0 = Release|Any CPU
	EndGlobalSection
	GlobalSection(SolutionProperties) = preSolution
		HideSolutionNode = FALSE
	EndGlobalSection
EndGlobal
